
Microsoft Visual Studio Solution File, Format Version 12.00
# Visual Studio 15
VisualStudioVersion = 15.0.27130.2027
MinimumVisualStudioVersion = 10.0.40219.1
Project("{888888A0-9F3D-457C-B088-3A5042F75D52}") = "ПАРОЛЬ", "ПАРОЛЬ\ПАРОЛЬ.pyproj", "{4463FFC5-FBAC-4884-B15F-2312109F0A6E}"
EndProject
Global
	GlobalSection(SolutionConfigurationPlatforms) = preSolution
		Debug|Any CPU = Debug|Any CPU
		Release|Any CPU = Release|Any CPU
	EndGlobalSection
	GlobalSection(ProjectConfigurationPlatforms) = postSolution
		{4463FFC5-FBAC-4884-B15F-2312109F0A6E}.Debug|Any CPU.ActiveCfg = Debug|Any CPU
		{4463FFC5-FBAC-4884-B15F-2312109F0A6E}.Release|Any CPU.ActiveCfg = Release|Any CPU
	EndGlobalSection
	GlobalSection(SolutionProperties) = preSolution
		HideSolutionNode = FALSE
	EndGlobalSection
	GlobalSection(ExtensibilityGlobals) = postSolution
		SolutionGuid = {86785D55-8814-4ACE-ACE2-D16F22EC2077}
	EndGlobalSection
EndGlobal
